
Microsoft Visual Studio Solution File, Format Version 12.00
# Visual Studio Version 16
VisualStudioVersion = 16.0.30907.101
MinimumVisualStudioVersion = 10.0.40219.1
Project("{FAE04EC0-301F-11D3-BF4B-00C04F79EFBC}") = "FigherClass", "FigherClass\FigherClass.csproj", "{39504C01-79A1-4B3D-A9C3-9124676480CF}"
EndProject
Global
	GlobalSection(SolutionConfigurationPlatforms) = preSolution
		Debug|Any CPU = Debug|Any CPU
		Release|Any CPU = Release|Any CPU
	EndGlobalSection
	GlobalSection(ProjectConfigurationPlatforms) = postSolution
		{39504C01-79A1-4B3D-A9C3-9124676480CF}.Debug|Any CPU.ActiveCfg = Debug|Any CPU
		{39504C01-79A1-4B3D-A9C3-9124676480CF}.Debug|Any CPU.Build.0 = Debug|Any CPU
		{39504C01-79A1-4B3D-A9C3-9124676480CF}.Release|Any CPU.ActiveCfg = Release|Any CPU
		{39504C01-79A1-4B3D-A9C3-9124676480CF}.Release|Any CPU.Build.0 = Release|Any CPU
	EndGlobalSection
	GlobalSection(SolutionProperties) = preSolution
		HideSolutionNode = FALSE
	EndGlobalSection
	GlobalSection(ExtensibilityGlobals) = postSolution
		SolutionGuid = {D4FBF679-D185-46C4-BD08-1393FBBA751F}
	EndGlobalSection
EndGlobal
